
Microsoft Visual Studio Solution File, Format Version 12.00
# Visual Studio Version 16
VisualStudioVersion = 16.0.30907.101
MinimumVisualStudioVersion = 10.0.40219.1
Project("{FAE04EC0-301F-11D3-BF4B-00C04F79EFBC}") = "Dominio", "Dominio\Dominio.csproj", "{8A071EE7-2083-4A4F-AE85-9B64093F4C77}"
EndProject
Project("{FAE04EC0-301F-11D3-BF4B-00C04F79EFBC}") = "Comum", "Comum\Comum.csproj", "{B04EA200-A85D-4755-B5ED-80E57283B86F}"
EndProject
Project("{FAE04EC0-301F-11D3-BF4B-00C04F79EFBC}") = "Api", "Api\Api.csproj", "{2CA2B39A-A3AE-433B-B22C-2B23B749F28C}"
EndProject
Project("{FAE04EC0-301F-11D3-BF4B-00C04F79EFBC}") = "Infra", "Infra\Infra.csproj", "{8D0C70FA-DC3C-4E1C-A00F-362E83831716}"
EndProject
Global
	GlobalSection(SolutionConfigurationPlatforms) = preSolution
		Debug|Any CPU = Debug|Any CPU
		Release|Any CPU = Release|Any CPU
	EndGlobalSection
	GlobalSection(ProjectConfigurationPlatforms) = postSolution
		{8A071EE7-2083-4A4F-AE85-9B64093F4C77}.Debug|Any CPU.ActiveCfg = Debug|Any CPU
		{8A071EE7-2083-4A4F-AE85-9B64093F4C77}.Debug|Any CPU.Build.0 = Debug|Any CPU
		{8A071EE7-2083-4A4F-AE85-9B64093F4C77}.Release|Any CPU.ActiveCfg = Release|Any CPU
		{8A071EE7-2083-4A4F-AE85-9B64093F4C77}.Release|Any CPU.Build.0 = Release|Any CPU
		{B04EA200-A85D-4755-B5ED-80E57283B86F}.Debug|Any CPU.ActiveCfg = Debug|Any CPU
		{B04EA200-A85D-4755-B5ED-80E57283B86F}.Debug|Any CPU.Build.0 = Debug|Any CPU
		{B04EA200-A85D-4755-B5ED-80E57283B86F}.Release|Any CPU.ActiveCfg = Release|Any CPU
		{B04EA200-A85D-4755-B5ED-80E57283B86F}.Release|Any CPU.Build.0 = Release|Any CPU
		{2CA2B39A-A3AE-433B-B22C-2B23B749F28C}.Debug|Any CPU.ActiveCfg = Debug|Any CPU
		{2CA2B39A-A3AE-433B-B22C-2B23B749F28C}.Debug|Any CPU.Build.0 = Debug|Any CPU
		{2CA2B39A-A3AE-433B-B22C-2B23B749F28C}.Release|Any CPU.ActiveCfg = Release|Any CPU
		{2CA2B39A-A3AE-433B-B22C-2B23B749F28C}.Release|Any CPU.Build.0 = Release|Any CPU
		{8D0C70FA-DC3C-4E1C-A00F-362E83831716}.Debug|Any CPU.ActiveCfg = Debug|Any CPU
		{8D0C70FA-DC3C-4E1C-A00F-362E83831716}.Debug|Any CPU.Build.0 = Debug|Any CPU
		{8D0C70FA-DC3C-4E1C-A00F-362E83831716}.Release|Any CPU.ActiveCfg = Release|Any CPU
		{8D0C70FA-DC3C-4E1C-A00F-362E83831716}.Release|Any CPU.Build.0 = Release|Any CPU
	EndGlobalSection
	GlobalSection(SolutionProperties) = preSolution
		HideSolutionNode = FALSE
	EndGlobalSection
	GlobalSection(ExtensibilityGlobals) = postSolution
		SolutionGuid = {10783E9C-E8CE-4745-AF54-79F7D1EB3972}
	EndGlobalSection
EndGlobal
